Microsoft Visual Studio Solution File, Format Version 11.00
# Visual Studio 2008

Project("{09C83A12-5C58-46CD-E15E-7594419E0ECC}") = "StatueVision Test Project", "Assembly-CSharp-firstpass.csproj", "{F908C104-2D31-F4B0-8430-6E38CA3C1184}"
EndProject
Project("{09C83A12-5C58-46CD-E15E-7594419E0ECC}") = "StatueVision Test Project", "Assembly-CSharp.csproj", "{00ED48BE-7D56-E229-6431-148E682F3A6A}"
EndProject
Project("{09C83A12-5C58-46CD-E15E-7594419E0ECC}") = "StatueVision Test Project", "Assembly-CSharp-Editor-firstpass.csproj", "{E64F0799-E70E-0C59-F522-71673273A0EC}"
EndProject
Global
	GlobalSection(SolutionConfigurationPlatforms) = preSolution
		Debug|Any CPU = Debug|Any CPU
		Release|Any CPU = Release|Any CPU
	EndGlobalSection
	GlobalSection(ProjectConfigurationPlatforms) = postSolution
		{F908C104-2D31-F4B0-8430-6E38CA3C1184}.Debug|Any CPU.ActiveCfg = Debug|Any CPU
		{F908C104-2D31-F4B0-8430-6E38CA3C1184}.Debug|Any CPU.Build.0 = Debug|Any CPU
		{F908C104-2D31-F4B0-8430-6E38CA3C1184}.Release|Any CPU.ActiveCfg = Release|Any CPU
		{F908C104-2D31-F4B0-8430-6E38CA3C1184}.Release|Any CPU.Build.0 = Release|Any CPU
		{00ED48BE-7D56-E229-6431-148E682F3A6A}.Debug|Any CPU.ActiveCfg = Debug|Any CPU
		{00ED48BE-7D56-E229-6431-148E682F3A6A}.Debug|Any CPU.Build.0 = Debug|Any CPU
		{00ED48BE-7D56-E229-6431-148E682F3A6A}.Release|Any CPU.ActiveCfg = Release|Any CPU
		{00ED48BE-7D56-E229-6431-148E682F3A6A}.Release|Any CPU.Build.0 = Release|Any CPU
		{E64F0799-E70E-0C59-F522-71673273A0EC}.Debug|Any CPU.ActiveCfg = Debug|Any CPU
		{E64F0799-E70E-0C59-F522-71673273A0EC}.Debug|Any CPU.Build.0 = Debug|Any CPU
		{E64F0799-E70E-0C59-F522-71673273A0EC}.Release|Any CPU.ActiveCfg = Release|Any CPU
		{E64F0799-E70E-0C59-F522-71673273A0EC}.Release|Any CPU.Build.0 = Release|Any CPU
	EndGlobalSection
	GlobalSection(SolutionProperties) = preSolution
		HideSolutionNode = FALSE
	EndGlobalSection
																																											GlobalSection(MonoDevelopProperties) = preSolution
=======
																																							GlobalSection(MonoDevelopProperties) = preSolution
=======
																															GlobalSection(MonoDevelopProperties) = preSolution
=======
																GlobalSection(MonoDevelopProperties) = preSolution
>>>>>>> Stashed changes
>>>>>>> Stashed changes
>>>>>>> Stashed changes
=======
						GlobalSection(MonoDevelopProperties) = preSolution
>>>>>>> Stashed changes
=======
					GlobalSection(MonoDevelopProperties) = preSolution
>>>>>>> origin/master
		StartupItem = Assembly-CSharp.csproj
		Policies = $0
		$0.TextStylePolicy = $1
		$1.inheritsSet = null
		$1.scope = text/x-csharp
		$0.CSharpFormattingPolicy = $2
		$2.inheritsSet = Mono
		$2.inheritsScope = text/x-csharp
		$2.scope = text/x-csharp
		$0.TextStylePolicy = $3
		$3.FileWidth = 120
		$3.TabWidth = 4
		$3.IndentWidth = 4
		$3.EolMarker = Unix
		$3.inheritsSet = Mono
		$3.inheritsScope = text/plain
		$3.scope = text/plain
	EndGlobalSection

EndGlobal
